
Microsoft Visual Studio Solution File, Format Version 12.00
# Visual Studio Version 16
VisualStudioVersion = 16.0.30907.101
MinimumVisualStudioVersion = 10.0.40219.1
Project("{9A19103F-16F7-4668-BE54-9A1E7A4F7556}") = "CBTBlazor", "CBTBlazor.csproj", "{9E48D99B-2EF0-45DC-B33A-D3843899303B}"
EndProject
Global
	GlobalSection(SolutionConfigurationPlatforms) = preSolution
		Debug|Any CPU = Debug|Any CPU
		Release|Any CPU = Release|Any CPU
	EndGlobalSection
	GlobalSection(ProjectConfigurationPlatforms) = postSolution
		{9E48D99B-2EF0-45DC-B33A-D3843899303B}.Debug|Any CPU.ActiveCfg = Debug|Any CPU
		{9E48D99B-2EF0-45DC-B33A-D3843899303B}.Debug|Any CPU.Build.0 = Debug|Any CPU
		{9E48D99B-2EF0-45DC-B33A-D3843899303B}.Release|Any CPU.ActiveCfg = Release|Any CPU
		{9E48D99B-2EF0-45DC-B33A-D3843899303B}.Release|Any CPU.Build.0 = Release|Any CPU
	EndGlobalSection
	GlobalSection(SolutionProperties) = preSolution
		HideSolutionNode = FALSE
	EndGlobalSection
	GlobalSection(ExtensibilityGlobals) = postSolution
		SolutionGuid = {60475398-E56D-49AF-89CB-EFB1D06C72C6}
	EndGlobalSection
EndGlobal
